{
    "_readme": [
        "This file locks the dependencies of your project to a known state",
        "Read more about it at http://getcomposer.org/doc/01-basic-usage.md#composer-lock-the-lock-file"
    ],
    "hash": "0c88f279fa84348ae69194ad7ea42126",
    "packages": [
        {
            "name": "jquery/jquery",
            "version": "1.9.1",
            "dist": {
                "type": "file",
                "url": "http://code.jquery.com/jquery-1.9.1.min.js",
                "reference": null,
                "shasum": null
            },
            "type": "library"
        },
        {
            "name": "jquery/jqueryui",
            "version": "1.10.1",
            "dist": {
                "type": "zip",
                "url": "http://jqueryui.com/resources/download/jquery-ui-1.10.1.custom.zip",
                "reference": null,
                "shasum": null
            },
            "type": "library"
        },
        {
            "name": "swiftmailer/swiftmailer",
            "version": "v5.0.2",
            "source": {
                "type": "git",
                "url": "https://github.com/swiftmailer/swiftmailer.git",
                "reference": "f3917ecef35a4e4d98b303eb9fee463bc983f379"
            },
            "dist": {
                "type": "zip",
                "url": "https://api.github.com/repos/swiftmailer/swiftmailer/zipball/f3917ecef35a4e4d98b303eb9fee463bc983f379",
                "reference": "f3917ecef35a4e4d98b303eb9fee463bc983f379",
                "shasum": ""
            },
            "require": {
                "php": ">=5.2.4"
            },
            "type": "library",
            "extra": {
                "branch-alias": {
                    "dev-master": "5.1-dev"
                }
            },
            "autoload": {
                "files": [
                    "lib/swift_required.php"
                ]
            },
            "notification-url": "https://packagist.org/downloads/",
            "license": [
                "MIT"
            ],
            "authors": [
                {
                    "name": "Fabien Potencier",
                    "email": "fabien@symfony.com"
                },
                {
                    "name": "Chris Corbyn"
                }
            ],
            "description": "Swiftmailer, free feature-rich PHP mailer",
            "homepage": "http://swiftmailer.org",
            "keywords": [
                "mail",
                "mailer"
            ],
            "time": "2013-08-30 12:35:21"
        },
        {
            "name": "symfony1",
            "version": "1.4",
            "source": {
                "type": "svn",
                "url": "http://svn.symfony-project.com/",
                "reference": "branches/1.4/"
            },
            "type": "library"
        }
    ],
    "packages-dev": [

    ],
    "aliases": [

    ],
    "minimum-stability": "stable",
    "stability-flags": [

    ],
    "platform": [

    ],
    "platform-dev": [

    ]
}
